
Microsoft Visual Studio Solution File, Format Version 12.00
# Visual Studio Version 17
VisualStudioVersion = 17.4.33205.214
MinimumVisualStudioVersion = 10.0.40219.1
Project("{9A19103F-16F7-4668-BE54-9A1E7A4F7556}") = "DevIO.Business", "src\DevIO.Business\DevIO.Business.csproj", "{F8D6FA0F-D971-42C4-B307-6A5FB2A09B61}"
EndProject
Project("{9A19103F-16F7-4668-BE54-9A1E7A4F7556}") = "DevIO.Data", "src\DevIO.Data\DevIO.Data.csproj", "{FDFDF0DB-E5C7-4048-A41A-2C062AF9D6A7}"
EndProject
Project("{FAE04EC0-301F-11D3-BF4B-00C04F79EFBC}") = "DevIO.Api", "src\DevIO.Api\DevIO.Api.csproj", "{422C309D-E486-4E7C-B23A-119CA5BDFE7D}"
EndProject
Project("{2150E333-8FDC-42A3-9474-1A3956D46DE8}") = "tests", "tests", "{E8BDE209-B40C-42AD-9886-C1C723321ED2}"
EndProject
Project("{FAE04EC0-301F-11D3-BF4B-00C04F79EFBC}") = "DevIO.Data.Tests", "tests\DevIO.Data.Tests\DevIO.Data.Tests.csproj", "{1D844083-668E-40AB-B9E1-EF6AA32C4E4C}"
EndProject
Project("{FAE04EC0-301F-11D3-BF4B-00C04F79EFBC}") = "DevIO.Api.Tests", "tests\DevIO.Api.Tests\DevIO.Api.Tests.csproj", "{1037181C-03B3-4A32-8046-AA13A27F7EE3}"
EndProject
Project("{FAE04EC0-301F-11D3-BF4B-00C04F79EFBC}") = "DevIO.Utils.Tests", "tests\DevIO.Utils.Tests\DevIO.Utils.Tests.csproj", "{18CC6F8F-CCD0-4685-8D97-AC628BAC143F}"
EndProject
Project("{FAE04EC0-301F-11D3-BF4B-00C04F79EFBC}") = "DevIO.Business.Tests", "tests\DevIO.Business.Tests\DevIO.Business.Tests.csproj", "{4C677B27-2C42-4D79-901B-0FD0BBDE7C82}"
EndProject
Global
	GlobalSection(SolutionConfigurationPlatforms) = preSolution
		Debug|Any CPU = Debug|Any CPU
		Release|Any CPU = Release|Any CPU
	EndGlobalSection
	GlobalSection(ProjectConfigurationPlatforms) = postSolution
		{F8D6FA0F-D971-42C4-B307-6A5FB2A09B61}.Debug|Any CPU.ActiveCfg = Debug|Any CPU
		{F8D6FA0F-D971-42C4-B307-6A5FB2A09B61}.Debug|Any CPU.Build.0 = Debug|Any CPU
		{F8D6FA0F-D971-42C4-B307-6A5FB2A09B61}.Release|Any CPU.ActiveCfg = Release|Any CPU
		{F8D6FA0F-D971-42C4-B307-6A5FB2A09B61}.Release|Any CPU.Build.0 = Release|Any CPU
		{FDFDF0DB-E5C7-4048-A41A-2C062AF9D6A7}.Debug|Any CPU.ActiveCfg = Debug|Any CPU
		{FDFDF0DB-E5C7-4048-A41A-2C062AF9D6A7}.Debug|Any CPU.Build.0 = Debug|Any CPU
		{FDFDF0DB-E5C7-4048-A41A-2C062AF9D6A7}.Release|Any CPU.ActiveCfg = Release|Any CPU
		{FDFDF0DB-E5C7-4048-A41A-2C062AF9D6A7}.Release|Any CPU.Build.0 = Release|Any CPU
		{422C309D-E486-4E7C-B23A-119CA5BDFE7D}.Debug|Any CPU.ActiveCfg = Debug|Any CPU
		{422C309D-E486-4E7C-B23A-119CA5BDFE7D}.Debug|Any CPU.Build.0 = Debug|Any CPU
		{422C309D-E486-4E7C-B23A-119CA5BDFE7D}.Release|Any CPU.ActiveCfg = Release|Any CPU
		{422C309D-E486-4E7C-B23A-119CA5BDFE7D}.Release|Any CPU.Build.0 = Release|Any CPU
		{1D844083-668E-40AB-B9E1-EF6AA32C4E4C}.Debug|Any CPU.ActiveCfg = Debug|Any CPU
		{1D844083-668E-40AB-B9E1-EF6AA32C4E4C}.Debug|Any CPU.Build.0 = Debug|Any CPU
		{1D844083-668E-40AB-B9E1-EF6AA32C4E4C}.Release|Any CPU.ActiveCfg = Release|Any CPU
		{1D844083-668E-40AB-B9E1-EF6AA32C4E4C}.Release|Any CPU.Build.0 = Release|Any CPU
		{1037181C-03B3-4A32-8046-AA13A27F7EE3}.Debug|Any CPU.ActiveCfg = Debug|Any CPU
		{1037181C-03B3-4A32-8046-AA13A27F7EE3}.Debug|Any CPU.Build.0 = Debug|Any CPU
		{1037181C-03B3-4A32-8046-AA13A27F7EE3}.Release|Any CPU.ActiveCfg = Release|Any CPU
		{1037181C-03B3-4A32-8046-AA13A27F7EE3}.Release|Any CPU.Build.0 = Release|Any CPU
		{18CC6F8F-CCD0-4685-8D97-AC628BAC143F}.Debug|Any CPU.ActiveCfg = Debug|Any CPU
		{18CC6F8F-CCD0-4685-8D97-AC628BAC143F}.Debug|Any CPU.Build.0 = Debug|Any CPU
		{18CC6F8F-CCD0-4685-8D97-AC628BAC143F}.Release|Any CPU.ActiveCfg = Release|Any CPU
		{18CC6F8F-CCD0-4685-8D97-AC628BAC143F}.Release|Any CPU.Build.0 = Release|Any CPU
		{4C677B27-2C42-4D79-901B-0FD0BBDE7C82}.Debug|Any CPU.ActiveCfg = Debug|Any CPU
		{4C677B27-2C42-4D79-901B-0FD0BBDE7C82}.Debug|Any CPU.Build.0 = Debug|Any CPU
		{4C677B27-2C42-4D79-901B-0FD0BBDE7C82}.Release|Any CPU.ActiveCfg = Release|Any CPU
		{4C677B27-2C42-4D79-901B-0FD0BBDE7C82}.Release|Any CPU.Build.0 = Release|Any CPU
	EndGlobalSection
	GlobalSection(SolutionProperties) = preSolution
		HideSolutionNode = FALSE
	EndGlobalSection
	GlobalSection(NestedProjects) = preSolution
		{1D844083-668E-40AB-B9E1-EF6AA32C4E4C} = {E8BDE209-B40C-42AD-9886-C1C723321ED2}
		{1037181C-03B3-4A32-8046-AA13A27F7EE3} = {E8BDE209-B40C-42AD-9886-C1C723321ED2}
		{18CC6F8F-CCD0-4685-8D97-AC628BAC143F} = {E8BDE209-B40C-42AD-9886-C1C723321ED2}
		{4C677B27-2C42-4D79-901B-0FD0BBDE7C82} = {E8BDE209-B40C-42AD-9886-C1C723321ED2}
	EndGlobalSection
	GlobalSection(ExtensibilityGlobals) = postSolution
		SolutionGuid = {B5D78952-EE82-4DA6-860A-CB73BB5E0181}
	EndGlobalSection
EndGlobal
